Microsoft Visual Studio Solution File, Format Version 12.00
# Visual Studio 2012
Project("{FAE04EC0-301F-11D3-BF4B-00C04F79EFBC}") = "GGJ2026", "GGJ2026.csproj", "{F986F200-9E0E-4211-8D20-4EF1D2D14B53}"
EndProject
Global
	GlobalSection(SolutionConfigurationPlatforms) = preSolution
	Debug|Any CPU = Debug|Any CPU
	ExportDebug|Any CPU = ExportDebug|Any CPU
	ExportRelease|Any CPU = ExportRelease|Any CPU
	EndGlobalSection
	GlobalSection(ProjectConfigurationPlatforms) = postSolution
		{F986F200-9E0E-4211-8D20-4EF1D2D14B53}.Debug|Any CPU.ActiveCfg = Debug|Any CPU
		{F986F200-9E0E-4211-8D20-4EF1D2D14B53}.Debug|Any CPU.Build.0 = Debug|Any CPU
		{F986F200-9E0E-4211-8D20-4EF1D2D14B53}.ExportDebug|Any CPU.ActiveCfg = ExportDebug|Any CPU
		{F986F200-9E0E-4211-8D20-4EF1D2D14B53}.ExportDebug|Any CPU.Build.0 = ExportDebug|Any CPU
		{F986F200-9E0E-4211-8D20-4EF1D2D14B53}.ExportRelease|Any CPU.ActiveCfg = ExportRelease|Any CPU
		{F986F200-9E0E-4211-8D20-4EF1D2D14B53}.ExportRelease|Any CPU.Build.0 = ExportRelease|Any CPU
	EndGlobalSection
EndGlobal
